// !$*UTF8*$!
{
	archiveVersion = 1;
	classes = {
	};
	objectVersion = 50;
	objects = {

/* Begin PBXBuildFile section */
		F510F214247CC3A6001921E7 /* AppDelegate.swift in Sources */ = {isa = PBXBuildFile; fileRef = F510F213247CC3A6001921E7 /* AppDelegate.swift */; };
		F510F216247CC3A6001921E7 /* SceneDelegate.swift in Sources */ = {isa = PBXBuildFile; fileRef = F510F215247CC3A6001921E7 /* SceneDelegate.swift */; };
		F510F218247CC3A6001921E7 /* ViewController.swift in Sources */ = {isa = PBXBuildFile; fileRef = F510F217247CC3A6001921E7 /* ViewController.swift */; };
		F510F21B247CC3A6001921E7 /* Main.storyboard in Resources */ = {isa = PBXBuildFile; fileRef = F510F219247CC3A6001921E7 /* Main.storyboard */; };
		F510F21D247CC3BB001921E7 /* Assets.xcassets in Resources */ = {isa = PBXBuildFile; fileRef = F510F21C247CC3BB001921E7 /* Assets.xcassets */; };
		F510F220247CC3BB001921E7 /* LaunchScreen.storyboard in Resources */ = {isa = PBXBuildFile; fileRef = F510F21E247CC3BB001921E7 /* LaunchScreen.storyboard */; };
		F596F72E2639926900C01E80 /* baseline_person_black_18dp.png in Resources */ = {isa = PBXBuildFile; fileRef = F596F72A2639926800C01E80 /* baseline_person_black_18dp.png */; };
		F596F72F2639926900C01E80 /* baseline_shopping_cart_black_18dp.png in Resources */ = {isa = PBXBuildFile; fileRef = F596F72B2639926800C01E80 /* baseline_shopping_cart_black_18dp.png */; };
		F596F7302639926900C01E80 /* baseline_home_black_18dp.png in Resources */ = {isa = PBXBuildFile; fileRef = F596F72C2639926800C01E80 /* baseline_home_black_18dp.png */; };
		F596F7312639926900C01E80 /* baseline_category_black_18dp.png in Resources */ = {isa = PBXBuildFile; fileRef = F596F72D2639926800C01E80 /* baseline_category_black_18dp.png */; };
		F596F7342639978800C01E80 /* HomeViewController.swift in Sources */ = {isa = PBXBuildFile; fileRef = F596F7332639978800C01E80 /* HomeViewController.swift */; };
		F596F73B2639983D00C01E80 /* AllCategoryViewController.swift in Sources */ = {isa = PBXBuildFile; fileRef = F596F73A2639983D00C01E80 /* AllCategoryViewController.swift */; };
		F596F73E2639987900C01E80 /* CartViewController.swift in Sources */ = {isa = PBXBuildFile; fileRef = F596F73D2639987900C01E80 /* CartViewController.swift */; };
		F596F741263998B000C01E80 /* MyAccountViewController.swift in Sources */ = {isa = PBXBuildFile; fileRef = F596F740263998B000C01E80 /* MyAccountViewController.swift */; };
/* End PBXBuildFile section */

/* Begin PBXFileReference section */
		F510F210247CC3A6001921E7 /* ShoppingCart.app */ = {isa = PBXFileReference; explicitFileType = wrapper.application; includeInIndex = 0; path = ShoppingCart.app; sourceTree = BUILT_PRODUCTS_DIR; };
		F510F213247CC3A6001921E7 /* AppDelegate.swift */ = {isa = PBXFileReference; lastKnownFileType = sourcecode.swift; path = AppDelegate.swift; sourceTree = "<group>"; };
		F510F215247CC3A6001921E7 /* SceneDelegate.swift */ = {isa = PBXFileReference; lastKnownFileType = sourcecode.swift; path = SceneDelegate.swift; sourceTree = "<group>"; };
		F510F217247CC3A6001921E7 /* ViewController.swift */ = {isa = PBXFileReference; lastKnownFileType = sourcecode.swift; path = ViewController.swift; sourceTree = "<group>"; };
		F510F21A247CC3A6001921E7 /* Base */ = {isa = PBXFileReference; lastKnownFileType = file.storyboard; name = Base; path = Base.lproj/Main.storyboard; sourceTree = "<group>"; };
		F510F21C247CC3BB001921E7 /* Assets.xcassets */ = {isa = PBXFileReference; lastKnownFileType = folder.assetcatalog; path = Assets.xcassets; sourceTree = "<group>"; };
		F510F21F247CC3BB001921E7 /* Base */ = {isa = PBXFileReference; lastKnownFileType = file.storyboard; name = Base; path = Base.lproj/LaunchScreen.storyboard; sourceTree = "<group>"; };
		F510F221247CC3BB001921E7 /* Info.plist */ = {isa = PBXFileReference; lastKnownFileType = text.plist.xml; path = Info.plist; sourceTree = "<group>"; };
		F596F72A2639926800C01E80 /* baseline_person_black_18dp.png */ = {isa = PBXFileReference; lastKnownFileType = image.png; path = baseline_person_black_18dp.png; sourceTree = "<group>"; };
		F596F72B2639926800C01E80 /* baseline_shopping_cart_black_18dp.png */ = {isa = PBXFileReference; lastKnownFileType = image.png; path = baseline_shopping_cart_black_18dp.png; sourceTree = "<group>"; };
		F596F72C2639926800C01E80 /* baseline_home_black_18dp.png */ = {isa = PBXFileReference; lastKnownFileType = image.png; path = baseline_home_black_18dp.png; sourceTree = "<group>"; };
		F596F72D2639926800C01E80 /* baseline_category_black_18dp.png */ = {isa = PBXFileReference; lastKnownFileType = image.png; path = baseline_category_black_18dp.png; sourceTree = "<group>"; };
		F596F7332639978800C01E80 /* HomeViewController.swift */ = {isa = PBXFileReference; lastKnownFileType = sourcecode.swift; path = HomeViewController.swift; sourceTree = "<group>"; };
		F596F73A2639983D00C01E80 /* AllCategoryViewController.swift */ = {isa = PBXFileReference; lastKnownFileType = sourcecode.swift; path = AllCategoryViewController.swift; sourceTree = "<group>"; };
		F596F73D2639987900C01E80 /* CartViewController.swift */ = {isa = PBXFileReference; lastKnownFileType = sourcecode.swift; path = CartViewController.swift; sourceTree = "<group>"; };
		F596F740263998B000C01E80 /* MyAccountViewController.swift */ = {isa = PBXFileReference; lastKnownFileType = sourcecode.swift; path = MyAccountViewController.swift; sourceTree = "<group>"; };
/* End PBXFileReference section */

/* Begin PBXFrameworksBuildPhase section */
		F510F20D247CC3A6001921E7 /* Frameworks */ = {
			isa = PBXFrameworksBuildPhase;
			buildActionMask = 2147483647;
			files = (
			);
			runOnlyForDeploymentPostprocessing = 0;
		};
/* End PBXFrameworksBuildPhase section */

/* Begin PBXGroup section */
		F510F207247CC3A6001921E7 = {
			isa = PBXGroup;
			children = (
				F510F212247CC3A6001921E7 /* ShoppingCart */,
				F510F211247CC3A6001921E7 /* Products */,
			);
			sourceTree = "<group>";
		};
		F510F211247CC3A6001921E7 /* Products */ = {
			isa = PBXGroup;
			children = (
				F510F210247CC3A6001921E7 /* ShoppingCart.app */,
			);
			name = Products;
			sourceTree = "<group>";
		};
		F510F212247CC3A6001921E7 /* ShoppingCart */ = {
			isa = PBXGroup;
			children = (
				F596F71126398E0E00C01E80 /* images */,
				F596F70D2639864200C01E80 /* view_controllers */,
				F510F213247CC3A6001921E7 /* AppDelegate.swift */,
				F510F215247CC3A6001921E7 /* SceneDelegate.swift */,
				F510F219247CC3A6001921E7 /* Main.storyboard */,
				F510F21C247CC3BB001921E7 /* Assets.xcassets */,
				F510F21E247CC3BB001921E7 /* LaunchScreen.storyboard */,
				F510F221247CC3BB001921E7 /* Info.plist */,
			);
			path = ShoppingCart;
			sourceTree = "<group>";
		};
		F596F70D2639864200C01E80 /* view_controllers */ = {
			isa = PBXGroup;
			children = (
				F510F217247CC3A6001921E7 /* ViewController.swift */,
				F596F7332639978800C01E80 /* HomeViewController.swift */,
				F596F73A2639983D00C01E80 /* AllCategoryViewController.swift */,
				F596F73D2639987900C01E80 /* CartViewController.swift */,
				F596F740263998B000C01E80 /* MyAccountViewController.swift */,
			);
			path = view_controllers;
			sourceTree = "<group>";
		};
		F596F71126398E0E00C01E80 /* images */ = {
			isa = PBXGroup;
			children = (
				F596F72D2639926800C01E80 /* baseline_category_black_18dp.png */,
				F596F72C2639926800C01E80 /* baseline_home_black_18dp.png */,
				F596F72A2639926800C01E80 /* baseline_person_black_18dp.png */,
				F596F72B2639926800C01E80 /* baseline_shopping_cart_black_18dp.png */,
			);
			path = images;
			sourceTree = "<group>";
		};
/* End PBXGroup section */

/* Begin PBXNativeTarget section */
		F510F20F247CC3A6001921E7 /* ShoppingCart */ = {
			isa = PBXNativeTarget;
			buildConfigurationList = F510F224247CC3BB001921E7 /* Build configuration list for PBXNativeTarget "ShoppingCart" */;
			buildPhases = (
				F510F20C247CC3A6001921E7 /* Sources */,
				F510F20D247CC3A6001921E7 /* Frameworks */,
				F510F20E247CC3A6001921E7 /* Resources */,
			);
			buildRules = (
			);
			dependencies = (
			);
			name = ShoppingCart;
			productName = ShoppingCart;
			productReference = F510F210247CC3A6001921E7 /* ShoppingCart.app */;
			productType = "com.apple.product-type.application";
		};
/* End PBXNativeTarget section */

/* Begin PBXProject section */
		F510F208247CC3A6001921E7 /* Project object */ = {
			isa = PBXProject;
			attributes = {
				LastSwiftUpdateCheck = 1140;
				LastUpgradeCheck = 1240;
				ORGANIZATIONNAME = Nalin;
				TargetAttributes = {
					F510F20F247CC3A6001921E7 = {
						CreatedOnToolsVersion = 11.4.1;
					};
				};
			};
			buildConfigurationList = F510F20B247CC3A6001921E7 /* Build configuration list for PBXProject "ShoppingCart" */;
			compatibilityVersion = "Xcode 9.3";
			developmentRegion = en;
			hasScannedForEncodings = 0;
			knownRegions = (
				en,
				Base,
			);
			mainGroup = F510F207247CC3A6001921E7;
			productRefGroup = F510F211247CC3A6001921E7 /* Products */;
			projectDirPath = "";
			projectRoot = "";
			targets = (
				F510F20F247CC3A6001921E7 /* ShoppingCart */,
			);
		};
/* End PBXProject section */

/* Begin PBXResourcesBuildPhase section */
		F510F20E247CC3A6001921E7 /* Resources */ = {
			isa = PBXResourcesBuildPhase;
			buildActionMask = 2147483647;
			files = (
				F596F7312639926900C01E80 /* baseline_category_black_18dp.png in Resources */,
				F510F220247CC3BB001921E7 /* LaunchScreen.storyboard in Resources */,
				F596F72F2639926900C01E80 /* baseline_shopping_cart_black_18dp.png in Resources */,
				F510F21D247CC3BB001921E7 /* Assets.xcassets in Resources */,
				F596F72E2639926900C01E80 /* baseline_person_black_18dp.png in Resources */,
				F596F7302639926900C01E80 /* baseline_home_black_18dp.png in Resources */,
				F510F21B247CC3A6001921E7 /* Main.storyboard in Resources */,
			);
			runOnlyForDeploymentPostprocessing = 0;
		};
/* End PBXResourcesBuildPhase section */

/* Begin PBXSourcesBuildPhase section */
		F510F20C247CC3A6001921E7 /* Sources */ = {
			isa = PBXSourcesBuildPhase;
			buildActionMask = 2147483647;
			files = (
				F596F73B2639983D00C01E80 /* AllCategoryViewController.swift in Sources */,
				F510F218247CC3A6001921E7 /* ViewController.swift in Sources */,
				F510F214247CC3A6001921E7 /* AppDelegate.swift in Sources */,
				F596F741263998B000C01E80 /* MyAccountViewController.swift in Sources */,
				F510F216247CC3A6001921E7 /* SceneDelegate.swift in Sources */,
				F596F73E2639987900C01E80 /* CartViewController.swift in Sources */,
				F596F7342639978800C01E80 /* HomeViewController.swift in Sources */,
			);
			runOnlyForDeploymentPostprocessing = 0;
		};
/* End PBXSourcesBuildPhase section */

/* Begin PBXVariantGroup section */
		F510F219247CC3A6001921E7 /* Main.storyboard */ = {
			isa = PBXVariantGroup;
			children = (
				F510F21A247CC3A6001921E7 /* Base */,
			);
			name = Main.storyboard;
			sourceTree = "<group>";
		};
		F510F21E247CC3BB001921E7 /* LaunchScreen.storyboard */ = {
			isa = PBXVariantGroup;
			children = (
				F510F21F247CC3BB001921E7 /* Base */,
			);
			name = LaunchScreen.storyboard;
			sourceTree = "<group>";
		};
/* End PBXVariantGroup section */

/* Begin XCBuildConfiguration section */
		F510F222247CC3BB001921E7 /* Debug */ = {
			isa = XCBuildConfiguration;
			buildSettings = {
				ALWAYS_SEARCH_USER_PATHS = NO;
				CLANG_ANALYZER_NONNULL = YES;
				CLANG_ANALYZER_NUMBER_OBJECT_CONVERSION = YES_AGGRESSIVE;
				CLANG_CXX_LANGUAGE_STANDARD = "gnu++14";
				CLANG_CXX_LIBRARY = "libc++";
				CLANG_ENABLE_MODULES = YES;
				CLANG_ENABLE_OBJC_ARC = YES;
				CLANG_ENABLE_OBJC_WEAK = YES;
				CLANG_WARN_BLOCK_CAPTURE_AUTORELEASING = YES;
				CLANG_WARN_BOOL_CONVERSION = YES;
				CLANG_WARN_COMMA = YES;
				CLANG_WARN_CONSTANT_CONVERSION = YES;
				CLANG_WARN_DEPRECATED_OBJC_IMPLEMENTATIONS = YES;
				CLANG_WARN_DIRECT_OBJC_ISA_USAGE = YES_ERROR;
				CLANG_WARN_DOCUMENTATION_COMMENTS = YES;
				CLANG_WARN_EMPTY_BODY = YES;
				CLANG_WARN_ENUM_CONVERSION = YES;
				CLANG_WARN_INFINITE_RECURSION = YES;
				CLANG_WARN_INT_CONVERSION = YES;
				CLANG_WARN_NON_LITERAL_NULL_CONVERSION = YES;
				CLANG_WARN_OBJC_IMPLICIT_RETAIN_SELF = YES;
				CLANG_WARN_OBJC_LITERAL_CONVERSION = YES;
				CLANG_WARN_OBJC_ROOT_CLASS = YES_ERROR;
				CLANG_WARN_QUOTED_INCLUDE_IN_FRAMEWORK_HEADER = YES;
				CLANG_WARN_RANGE_LOOP_ANALYSIS = YES;
				CLANG_WARN_STRICT_PROTOTYPES = YES;
				CLANG_WARN_SUSPICIOUS_MOVE = YES;
				CLANG_WARN_UNGUARDED_AVAILABILITY = YES_AGGRESSIVE;
				CLANG_WARN_UNREACHABLE_CODE = YES;
				CLANG_WARN__DUPLICATE_METHOD_MATCH = YES;
				COPY_PHASE_STRIP = NO;
				DEBUG_INFORMATION_FORMAT = dwarf;
				ENABLE_STRICT_OBJC_MSGSEND = YES;
				ENABLE_TESTABILITY = YES;
				GCC_C_LANGUAGE_STANDARD = gnu11;
				GCC_DYNAMIC_NO_PIC = NO;
				GCC_NO_COMMON_BLOCKS = YES;
				GCC_OPTIMIZATION_LEVEL = 0;
				GCC_PREPROCESSOR_DEFINITIONS = (
					"DEBUG=1",
					"$(inherited)",
				);
				GCC_WARN_64_TO_32_BIT_CONVERSION = YES;
				GCC_WARN_ABOUT_RETURN_TYPE = YES_ERROR;
				GCC_WARN_UNDECLARED_SELECTOR = YES;
				GCC_WARN_UNINITIALIZED_AUTOS = YES_AGGRESSIVE;
				GCC_WARN_UNUSED_FUNCTION = YES;
				GCC_WARN_UNUSED_VARIABLE = YES;
				IPHONEOS_DEPLOYMENT_TARGET = 13.4;
				MTL_ENABLE_DEBUG_INFO = INCLUDE_SOURCE;
				MTL_FAST_MATH = YES;
				ONLY_ACTIVE_ARCH = YES;
				SDKROOT = iphoneos;
				SWIFT_ACTIVE_COMPILATION_CONDITIONS = DEBUG;
				SWIFT_OPTIMIZATION_LEVEL = "-Onone";
			};
			name = Debug;
		};
		F510F223247CC3BB001921E7 /* Release */ = {
			isa = XCBuildConfiguration;
			buildSettings = {
				ALWAYS_SEARCH_USER_PATHS = NO;
				CLANG_ANALYZER_NONNULL = YES;
				CLANG_ANALYZER_NUMBER_OBJECT_CONVERSION = YES_AGGRESSIVE;
				CLANG_CXX_LANGUAGE_STANDARD = "gnu++14";
				CLANG_CXX_LIBRARY = "libc++";
				CLANG_ENABLE_MODULES = YES;
				CLANG_ENABLE_OBJC_ARC = YES;
				CLANG_ENABLE_OBJC_WEAK = YES;
				CLANG_WARN_BLOCK_CAPTURE_AUTORELEASING = YES;
				CLANG_WARN_BOOL_CONVERSION = YES;
				CLANG_WARN_COMMA = YES;
				CLANG_WARN_CONSTANT_CONVERSION = YES;
				CLANG_WARN_DEPRECATED_OBJC_IMPLEMENTATIONS = YES;
				CLANG_WARN_DIRECT_OBJC_ISA_USAGE = YES_ERROR;
				CLANG_WARN_DOCUMENTATION_COMMENTS = YES;
				CLANG_WARN_EMPTY_BODY = YES;
				CLANG_WARN_ENUM_CONVERSION = YES;
				CLANG_WARN_INFINITE_RECURSION = YES;
				CLANG_WARN_INT_CONVERSION = YES;
				CLANG_WARN_NON_LITERAL_NULL_CONVERSION = YES;
				CLANG_WARN_OBJC_IMPLICIT_RETAIN_SELF = YES;
				CLANG_WARN_OBJC_LITERAL_CONVERSION = YES;
				CLANG_WARN_OBJC_ROOT_CLASS = YES_ERROR;
				CLANG_WARN_QUOTED_INCLUDE_IN_FRAMEWORK_HEADER = YES;
				CLANG_WARN_RANGE_LOOP_ANALYSIS = YES;
				CLANG_WARN_STRICT_PROTOTYPES = YES;
				CLANG_WARN_SUSPICIOUS_MOVE = YES;
				CLANG_WARN_UNGUARDED_AVAILABILITY = YES_AGGRESSIVE;
				CLANG_WARN_UNREACHABLE_CODE = YES;
				CLANG_WARN__DUPLICATE_METHOD_MATCH = YES;
				COPY_PHASE_STRIP = NO;
				DEBUG_INFORMATION_FORMAT = "dwarf-with-dsym";
				ENABLE_NS_ASSERTIONS = NO;
				ENABLE_STRICT_OBJC_MSGSEND = YES;
				GCC_C_LANGUAGE_STANDARD = gnu11;
				GCC_NO_COMMON_BLOCKS = YES;
				GCC_WARN_64_TO_32_BIT_CONVERSION = YES;
				GCC_WARN_ABOUT_RETURN_TYPE = YES_ERROR;
				GCC_WARN_UNDECLARED_SELECTOR = YES;
				GCC_WARN_UNINITIALIZED_AUTOS = YES_AGGRESSIVE;
				GCC_WARN_UNUSED_FUNCTION = YES;
				GCC_WARN_UNUSED_VARIABLE = YES;
				IPHONEOS_DEPLOYMENT_TARGET = 13.4;
				MTL_ENABLE_DEBUG_INFO = NO;
				MTL_FAST_MATH = YES;
				SDKROOT = iphoneos;
				SWIFT_COMPILATION_MODE = wholemodule;
				SWIFT_OPTIMIZATION_LEVEL = "-O";
				VALIDATE_PRODUCT = YES;
			};
			name = Release;
		};
		F510F225247CC3BB001921E7 /* Debug */ = {
			isa = XCBuildConfiguration;
			buildSettings = {
				ASSETCATALOG_COMPILER_APPICON_NAME = AppIcon;
				CODE_SIGN_STYLE = Automatic;
				INFOPLIST_FILE = ShoppingCart/Info.plist;
				LD_RUNPATH_SEARCH_PATHS = (
					"$(inherited)",
					"@executable_path/Frameworks",
				);
				PRODUCT_BUNDLE_IDENTIFIER = com.nvdevelopers.ShoppingCart;
				PRODUCT_NAME = "$(TARGET_NAME)";
				SWIFT_VERSION = 5.0;
				TARGETED_DEVICE_FAMILY = "1,2";
			};
			name = Debug;
		};
		F510F226247CC3BB001921E7 /* Release */ = {
			isa = XCBuildConfiguration;
			buildSettings = {
				ASSETCATALOG_COMPILER_APPICON_NAME = AppIcon;
				CODE_SIGN_STYLE = Automatic;
				INFOPLIST_FILE = ShoppingCart/Info.plist;
				LD_RUNPATH_SEARCH_PATHS = (
					"$(inherited)",
					"@executable_path/Frameworks",
				);
				PRODUCT_BUNDLE_IDENTIFIER = com.nvdevelopers.ShoppingCart;
				PRODUCT_NAME = "$(TARGET_NAME)";
				SWIFT_VERSION = 5.0;
				TARGETED_DEVICE_FAMILY = "1,2";
			};
			name = Release;
		};
/* End XCBuildConfiguration section */

/* Begin XCConfigurationList section */
		F510F20B247CC3A6001921E7 /* Build configuration list for PBXProject "ShoppingCart" */ = {
			isa = XCConfigurationList;
			buildConfigurations = (
				F510F222247CC3BB001921E7 /* Debug */,
				F510F223247CC3BB001921E7 /* Release */,
			);
			defaultConfigurationIsVisible = 0;
			defaultConfigurationName = Release;
		};
		F510F224247CC3BB001921E7 /* Build configuration list for PBXNativeTarget "ShoppingCart" */ = {
			isa = XCConfigurationList;
			buildConfigurations = (
				F510F225247CC3BB001921E7 /* Debug */,
				F510F226247CC3BB001921E7 /* Release */,
			);
			defaultConfigurationIsVisible = 0;
			defaultConfigurationName = Release;
		};
/* End XCConfigurationList section */
	};
	rootObject = F510F208247CC3A6001921E7 /* Project object */;
}
